
Microsoft Visual Studio Solution File, Format Version 11.00
# Visual C# Express 2010
Project("{FAE04EC0-301F-11D3-BF4B-00C04F79EFBC}") = "Ficha1_9", "Ficha1_9\Ficha1_9.csproj", "{3AB0A25E-8869-49ED-8487-0D90D8C626D6}"
EndProject
Global
	GlobalSection(SolutionConfigurationPlatforms) = preSolution
		Debug|x86 = Debug|x86
		Release|x86 = Release|x86
	EndGlobalSection
	GlobalSection(ProjectConfigurationPlatforms) = postSolution
		{3AB0A25E-8869-49ED-8487-0D90D8C626D6}.Debug|x86.ActiveCfg = Debug|x86
		{3AB0A25E-8869-49ED-8487-0D90D8C626D6}.Debug|x86.Build.0 = Debug|x86
		{3AB0A25E-8869-49ED-8487-0D90D8C626D6}.Release|x86.ActiveCfg = Release|x86
		{3AB0A25E-8869-49ED-8487-0D90D8C626D6}.Release|x86.Build.0 = Release|x86
	EndGlobalSection
	GlobalSection(SolutionProperties) = preSolution
		HideSolutionNode = FALSE
	EndGlobalSection
EndGlobal
